
Microsoft Visual Studio Solution File, Format Version 12.00
# Visual Studio 15
VisualStudioVersion = 15.0.27703.2047
MinimumVisualStudioVersion = 10.0.40219.1
Project("{FAE04EC0-301F-11D3-BF4B-00C04F79EFBC}") = "POC.ADONET.WEBMVC", "POC.ADONET.WEBMVC\POC.ADONET.WEBMVC.csproj", "{43E13A76-89BB-4CB9-9BDF-F90DA491A413}"
EndProject
Project("{FAE04EC0-301F-11D3-BF4B-00C04F79EFBC}") = "POC.ADONET.DAL", "POC.ADONET.DAL\POC.ADONET.DAL.csproj", "{D8903F4E-B448-4B19-9046-CAB318514B9F}"
EndProject
Project("{FAE04EC0-301F-11D3-BF4B-00C04F79EFBC}") = "POC.TEST.UNITARIO", "POC.TEST.UNITARIO\POC.TEST.UNITARIO.csproj", "{E1287E4A-E2AB-4168-8468-AB80B00E70DC}"
EndProject
Global
	GlobalSection(SolutionConfigurationPlatforms) = preSolution
		Debug|Any CPU = Debug|Any CPU
		Release|Any CPU = Release|Any CPU
	EndGlobalSection
	GlobalSection(ProjectConfigurationPlatforms) = postSolution
		{43E13A76-89BB-4CB9-9BDF-F90DA491A413}.Debug|Any CPU.ActiveCfg = Debug|Any CPU
		{43E13A76-89BB-4CB9-9BDF-F90DA491A413}.Debug|Any CPU.Build.0 = Debug|Any CPU
		{43E13A76-89BB-4CB9-9BDF-F90DA491A413}.Release|Any CPU.ActiveCfg = Release|Any CPU
		{43E13A76-89BB-4CB9-9BDF-F90DA491A413}.Release|Any CPU.Build.0 = Release|Any CPU
		{D8903F4E-B448-4B19-9046-CAB318514B9F}.Debug|Any CPU.ActiveCfg = Debug|Any CPU
		{D8903F4E-B448-4B19-9046-CAB318514B9F}.Debug|Any CPU.Build.0 = Debug|Any CPU
		{D8903F4E-B448-4B19-9046-CAB318514B9F}.Release|Any CPU.ActiveCfg = Release|Any CPU
		{D8903F4E-B448-4B19-9046-CAB318514B9F}.Release|Any CPU.Build.0 = Release|Any CPU
		{E1287E4A-E2AB-4168-8468-AB80B00E70DC}.Debug|Any CPU.ActiveCfg = Debug|Any CPU
		{E1287E4A-E2AB-4168-8468-AB80B00E70DC}.Debug|Any CPU.Build.0 = Debug|Any CPU
		{E1287E4A-E2AB-4168-8468-AB80B00E70DC}.Release|Any CPU.ActiveCfg = Release|Any CPU
		{E1287E4A-E2AB-4168-8468-AB80B00E70DC}.Release|Any CPU.Build.0 = Release|Any CPU
	EndGlobalSection
	GlobalSection(SolutionProperties) = preSolution
		HideSolutionNode = FALSE
	EndGlobalSection
	GlobalSection(ExtensibilityGlobals) = postSolution
		SolutionGuid = {A350A6CF-2008-4E66-A777-55ABD19E36C2}
	EndGlobalSection
EndGlobal
